
Microsoft Visual Studio Solution File, Format Version 12.00
# Visual Studio Version 16
VisualStudioVersion = 16.0.32002.261
MinimumVisualStudioVersion = 10.0.40219.1
Project("{8BC9CEB8-8B4A-11D0-8D11-00A0C91BC942}") = "TestServer", "TestServer\TestServer.vcxproj", "{41779D0D-7198-464A-B8E5-E56D244AB2C4}"
EndProject
Project("{8BC9CEB8-8B4A-11D0-8D11-00A0C91BC942}") = "TestClient", "TestClient\TestClient.vcxproj", "{E3ABD89A-741C-4F5D-83B9-7E9116F89D6E}"
EndProject
Global
	GlobalSection(SolutionConfigurationPlatforms) = preSolution
		Debug|x64 = Debug|x64
		Debug|x86 = Debug|x86
		Release|x64 = Release|x64
		Release|x86 = Release|x86
	EndGlobalSection
	GlobalSection(ProjectConfigurationPlatforms) = postSolution
		{41779D0D-7198-464A-B8E5-E56D244AB2C4}.Debug|x64.ActiveCfg = Debug|x64
		{41779D0D-7198-464A-B8E5-E56D244AB2C4}.Debug|x64.Build.0 = Debug|x64
		{41779D0D-7198-464A-B8E5-E56D244AB2C4}.Debug|x86.ActiveCfg = Debug|Win32
		{41779D0D-7198-464A-B8E5-E56D244AB2C4}.Debug|x86.Build.0 = Debug|Win32
		{41779D0D-7198-464A-B8E5-E56D244AB2C4}.Release|x64.ActiveCfg = Release|x64
		{41779D0D-7198-464A-B8E5-E56D244AB2C4}.Release|x64.Build.0 = Release|x64
		{41779D0D-7198-464A-B8E5-E56D244AB2C4}.Release|x86.ActiveCfg = Release|Win32
		{41779D0D-7198-464A-B8E5-E56D244AB2C4}.Release|x86.Build.0 = Release|Win32
		{E3ABD89A-741C-4F5D-83B9-7E9116F89D6E}.Debug|x64.ActiveCfg = Debug|x64
		{E3ABD89A-741C-4F5D-83B9-7E9116F89D6E}.Debug|x64.Build.0 = Debug|x64
		{E3ABD89A-741C-4F5D-83B9-7E9116F89D6E}.Debug|x86.ActiveCfg = Debug|Win32
		{E3ABD89A-741C-4F5D-83B9-7E9116F89D6E}.Debug|x86.Build.0 = Debug|Win32
		{E3ABD89A-741C-4F5D-83B9-7E9116F89D6E}.Release|x64.ActiveCfg = Release|x64
		{E3ABD89A-741C-4F5D-83B9-7E9116F89D6E}.Release|x64.Build.0 = Release|x64
		{E3ABD89A-741C-4F5D-83B9-7E9116F89D6E}.Release|x86.ActiveCfg = Release|Win32
		{E3ABD89A-741C-4F5D-83B9-7E9116F89D6E}.Release|x86.Build.0 = Release|Win32
	EndGlobalSection
	GlobalSection(SolutionProperties) = preSolution
		HideSolutionNode = FALSE
	EndGlobalSection
	GlobalSection(ExtensibilityGlobals) = postSolution
		SolutionGuid = {54AF8A2F-0AAA-4625-A480-DC3057F28F0A}
	EndGlobalSection
EndGlobal
